
Microsoft Visual Studio Solution File, Format Version 12.00
# Visual Studio Version 16
VisualStudioVersion = 16.0.30011.22
MinimumVisualStudioVersion = 10.0.40219.1
Project("{151D2E53-A2C4-4D7D-83FE-D05416EBD58E}") = "AzureResourceGroup Initial Platform", "AzureResourceGroup Initial Platform\AzureResourceGroup Initial Platform.deployproj", "{9744B4D7-CED9-4E22-9936-BCEE1EC64D1A}"
EndProject
Project("{CC5FD16D-436D-48AD-A40C-5A424C6E3E79}") = "TestService1", "TestService1\TestService1.ccproj", "{37EF54F7-B15D-49D3-817A-42215F04D420}"
EndProject
Project("{FAE04EC0-301F-11D3-BF4B-00C04F79EFBC}") = "WebRole1", "WebRole1\WebRole1.csproj", "{B2233B0B-5C85-4C35-B31B-8C34146993D8}"
EndProject
Project("{FAE04EC0-301F-11D3-BF4B-00C04F79EFBC}") = "WorkerRole1", "WorkerRole1\WorkerRole1.csproj", "{0A7FADDE-BE6B-461A-8BAE-C603CBE0638B}"
EndProject
Project("{2150E333-8FDC-42A3-9474-1A3956D46DE8}") = "Resource Files", "Resource Files", "{6AEDA025-72DB-48F2-A4E5-AD3BAD5DD463}"
	ProjectSection(SolutionItems) = preProject
		Default.html = Default.html
		Read Me.txt = Read Me.txt
	EndProjectSection
EndProject
Project("{00D1A9C2-B5F0-4AF3-8072-F6C62B433612}") = "AzureLabDB", "AzureLabDB\AzureLabDB.sqlproj", "{3B1D60B5-5DC5-4830-BAED-7F1AA6445A70}"
EndProject
Global
	GlobalSection(SolutionConfigurationPlatforms) = preSolution
		Debug|Any CPU = Debug|Any CPU
		Release|Any CPU = Release|Any CPU
	EndGlobalSection
	GlobalSection(ProjectConfigurationPlatforms) = postSolution
		{9744B4D7-CED9-4E22-9936-BCEE1EC64D1A}.Debug|Any CPU.ActiveCfg = Debug|Any CPU
		{9744B4D7-CED9-4E22-9936-BCEE1EC64D1A}.Debug|Any CPU.Build.0 = Debug|Any CPU
		{9744B4D7-CED9-4E22-9936-BCEE1EC64D1A}.Release|Any CPU.ActiveCfg = Release|Any CPU
		{9744B4D7-CED9-4E22-9936-BCEE1EC64D1A}.Release|Any CPU.Build.0 = Release|Any CPU
		{37EF54F7-B15D-49D3-817A-42215F04D420}.Debug|Any CPU.ActiveCfg = Debug|Any CPU
		{37EF54F7-B15D-49D3-817A-42215F04D420}.Debug|Any CPU.Build.0 = Debug|Any CPU
		{37EF54F7-B15D-49D3-817A-42215F04D420}.Release|Any CPU.ActiveCfg = Release|Any CPU
		{37EF54F7-B15D-49D3-817A-42215F04D420}.Release|Any CPU.Build.0 = Release|Any CPU
		{B2233B0B-5C85-4C35-B31B-8C34146993D8}.Debug|Any CPU.ActiveCfg = Debug|Any CPU
		{B2233B0B-5C85-4C35-B31B-8C34146993D8}.Debug|Any CPU.Build.0 = Debug|Any CPU
		{B2233B0B-5C85-4C35-B31B-8C34146993D8}.Release|Any CPU.ActiveCfg = Release|Any CPU
		{B2233B0B-5C85-4C35-B31B-8C34146993D8}.Release|Any CPU.Build.0 = Release|Any CPU
		{0A7FADDE-BE6B-461A-8BAE-C603CBE0638B}.Debug|Any CPU.ActiveCfg = Debug|Any CPU
		{0A7FADDE-BE6B-461A-8BAE-C603CBE0638B}.Debug|Any CPU.Build.0 = Debug|Any CPU
		{0A7FADDE-BE6B-461A-8BAE-C603CBE0638B}.Release|Any CPU.ActiveCfg = Release|Any CPU
		{0A7FADDE-BE6B-461A-8BAE-C603CBE0638B}.Release|Any CPU.Build.0 = Release|Any CPU
		{3B1D60B5-5DC5-4830-BAED-7F1AA6445A70}.Debug|Any CPU.ActiveCfg = Debug|Any CPU
		{3B1D60B5-5DC5-4830-BAED-7F1AA6445A70}.Debug|Any CPU.Build.0 = Debug|Any CPU
		{3B1D60B5-5DC5-4830-BAED-7F1AA6445A70}.Debug|Any CPU.Deploy.0 = Debug|Any CPU
		{3B1D60B5-5DC5-4830-BAED-7F1AA6445A70}.Release|Any CPU.ActiveCfg = Release|Any CPU
		{3B1D60B5-5DC5-4830-BAED-7F1AA6445A70}.Release|Any CPU.Build.0 = Release|Any CPU
		{3B1D60B5-5DC5-4830-BAED-7F1AA6445A70}.Release|Any CPU.Deploy.0 = Release|Any CPU
	EndGlobalSection
	GlobalSection(SolutionProperties) = preSolution
		HideSolutionNode = FALSE
	EndGlobalSection
	GlobalSection(ExtensibilityGlobals) = postSolution
		SolutionGuid = {C85142F0-9E98-4698-BA18-5F641DD1D7EB}
	EndGlobalSection
EndGlobal
